
Microsoft Visual Studio Solution File, Format Version 12.00
# Visual Studio Version 16
VisualStudioVersion = 16.0.30204.135
MinimumVisualStudioVersion = 10.0.40219.1
Project("{9A19103F-16F7-4668-BE54-9A1E7A4F7556}") = "BulkTankOrganization", "BulkTankOrganization\BulkTankOrganization.csproj", "{CE2C8235-6566-447B-8741-E41D97623B39}"
EndProject
Global
	GlobalSection(SolutionConfigurationPlatforms) = preSolution
		Debug|Any CPU = Debug|Any CPU
		Release|Any CPU = Release|Any CPU
	EndGlobalSection
	GlobalSection(ProjectConfigurationPlatforms) = postSolution
		{CE2C8235-6566-447B-8741-E41D97623B39}.Debug|Any CPU.ActiveCfg = Debug|Any CPU
		{CE2C8235-6566-447B-8741-E41D97623B39}.Debug|Any CPU.Build.0 = Debug|Any CPU
		{CE2C8235-6566-447B-8741-E41D97623B39}.Release|Any CPU.ActiveCfg = Release|Any CPU
		{CE2C8235-6566-447B-8741-E41D97623B39}.Release|Any CPU.Build.0 = Release|Any CPU
	EndGlobalSection
	GlobalSection(SolutionProperties) = preSolution
		HideSolutionNode = FALSE
	EndGlobalSection
	GlobalSection(ExtensibilityGlobals) = postSolution
		SolutionGuid = {7F17CB95-AE2D-4661-A714-45D6D1DA6A9D}
	EndGlobalSection
EndGlobal
